
Microsoft Visual Studio Solution File, Format Version 12.00
# Visual Studio Version 17
VisualStudioVersion = 17.10.35027.167
MinimumVisualStudioVersion = 10.0.40219.1
Project("{FAE04EC0-301F-11D3-BF4B-00C04F79EFBC}") = "ProductMVC", "ProductMVC\ProductMVC.csproj", "{B09839E8-5682-4A00-865D-C726BB64912A}"
EndProject
Global
	GlobalSection(SolutionConfigurationPlatforms) = preSolution
		Debug|Any CPU = Debug|Any CPU
		Release|Any CPU = Release|Any CPU
	EndGlobalSection
	GlobalSection(ProjectConfigurationPlatforms) = postSolution
		{B09839E8-5682-4A00-865D-C726BB64912A}.Debug|Any CPU.ActiveCfg = Debug|Any CPU
		{B09839E8-5682-4A00-865D-C726BB64912A}.Debug|Any CPU.Build.0 = Debug|Any CPU
		{B09839E8-5682-4A00-865D-C726BB64912A}.Release|Any CPU.ActiveCfg = Release|Any CPU
		{B09839E8-5682-4A00-865D-C726BB64912A}.Release|Any CPU.Build.0 = Release|Any CPU
	EndGlobalSection
	GlobalSection(SolutionProperties) = preSolution
		HideSolutionNode = FALSE
	EndGlobalSection
	GlobalSection(ExtensibilityGlobals) = postSolution
		SolutionGuid = {8A81BAFE-8812-4C88-9BC4-5AE9ABF9CB4A}
	EndGlobalSection
EndGlobal
